
Microsoft Visual Studio Solution File, Format Version 12.00
# Visual Studio Version 16
VisualStudioVersion = 16.0.32126.315
MinimumVisualStudioVersion = 10.0.40219.1
Project("{FAE04EC0-301F-11D3-BF4B-00C04F79EFBC}") = "AnketYonetimi", "AnketYonetimi\AnketYonetimi.csproj", "{6011438B-2EDC-44F3-B2C7-AFBEB55D9F81}"
EndProject
Global
	GlobalSection(SolutionConfigurationPlatforms) = preSolution
		Debug|Any CPU = Debug|Any CPU
		Release|Any CPU = Release|Any CPU
	EndGlobalSection
	GlobalSection(ProjectConfigurationPlatforms) = postSolution
		{6011438B-2EDC-44F3-B2C7-AFBEB55D9F81}.Debug|Any CPU.ActiveCfg = Debug|Any CPU
		{6011438B-2EDC-44F3-B2C7-AFBEB55D9F81}.Debug|Any CPU.Build.0 = Debug|Any CPU
		{6011438B-2EDC-44F3-B2C7-AFBEB55D9F81}.Release|Any CPU.ActiveCfg = Release|Any CPU
		{6011438B-2EDC-44F3-B2C7-AFBEB55D9F81}.Release|Any CPU.Build.0 = Release|Any CPU
	EndGlobalSection
	GlobalSection(SolutionProperties) = preSolution
		HideSolutionNode = FALSE
	EndGlobalSection
	GlobalSection(ExtensibilityGlobals) = postSolution
		SolutionGuid = {68AD3AB6-F778-48AA-9149-E40E81FC4F90}
	EndGlobalSection
EndGlobal
